# THIS IS AN AUTOGENERATED FILE. DO NOT EDIT THIS FILE DIRECTLY.
# yarn lockfile v1


"systemjs@^0.19.41":
  "integrity" "sha1-g10sDxC/QDtVH+3IdfhLtEoCxOs="
  "resolved" "https://registry.npmjs.org/systemjs/-/systemjs-0.19.41.tgz"
  "version" "0.19.41"
  dependencies:
    "when" "^3.7.5"

"typescript@^4.2.3":
  "integrity" "sha512-V+evlYHZnQkaz8TRBuxTA92yZBPotr5H+WhQ7bD3hZUndx5tGOa1fuCgeSjxAzM1RiN5IzvadIXTVefuuwZCRg=="
  "resolved" "https://registry.npmjs.org/typescript/-/typescript-4.2.4.tgz"
  "version" "4.2.4"

"when@^3.7.5":
  "integrity" "sha1-xxMLan6gRpPoQs3J56Hyqjmjn4I="
  "resolved" "https://registry.npmjs.org/when/-/when-3.7.8.tgz"
  "version" "3.7.8"
